
Microsoft Visual Studio Solution File, Format Version 12.00
# Visual Studio Version 17
VisualStudioVersion = 17.2.32526.322
MinimumVisualStudioVersion = 10.0.40219.1
Project("{FAE04EC0-301F-11D3-BF4B-00C04F79EFBC}") = "Amazon Document Transport Utility", "Amazon Document Transport Utility\Amazon Document Transport Utility.csproj", "{EAB1A296-080C-4329-8B6D-0463FB6A7005}"
EndProject
Global
	GlobalSection(SolutionConfigurationPlatforms) = preSolution
		Debug|Any CPU = Debug|Any CPU
		Release|Any CPU = Release|Any CPU
	EndGlobalSection
	GlobalSection(ProjectConfigurationPlatforms) = postSolution
		{EAB1A296-080C-4329-8B6D-0463FB6A7005}.Debug|Any CPU.ActiveCfg = Debug|Any CPU
		{EAB1A296-080C-4329-8B6D-0463FB6A7005}.Debug|Any CPU.Build.0 = Debug|Any CPU
		{EAB1A296-080C-4329-8B6D-0463FB6A7005}.Release|Any CPU.ActiveCfg = Release|Any CPU
		{EAB1A296-080C-4329-8B6D-0463FB6A7005}.Release|Any CPU.Build.0 = Release|Any CPU
	EndGlobalSection
	GlobalSection(SolutionProperties) = preSolution
		HideSolutionNode = FALSE
	EndGlobalSection
	GlobalSection(ExtensibilityGlobals) = postSolution
		SolutionGuid = {24424082-9607-4642-8A9D-6F79F5892118}
	EndGlobalSection
EndGlobal
